
Microsoft Visual Studio Solution File, Format Version 12.00
# Visual Studio Version 16
VisualStudioVersion = 16.0.31410.357
MinimumVisualStudioVersion = 10.0.40219.1
Project("{8BC9CEB8-8B4A-11D0-8D11-00A0C91BC942}") = "OpenGL", "OpenGL.vcxproj", "{A463E213-1B80-44B1-837D-B3F4787E626E}"
EndProject
Project("{8BC9CEB8-8B4A-11D0-8D11-00A0C91BC942}") = "renderer_test", "test\renderer_test\renderer_test.vcxproj", "{A72AD207-2C41-4066-BE3A-A438E66AAF4E}"
EndProject
Global
	GlobalSection(SolutionConfigurationPlatforms) = preSolution
		Debug|x64 = Debug|x64
		Debug|x86 = Debug|x86
		Dist|x64 = Dist|x64
		Dist|x86 = Dist|x86
		Release|x64 = Release|x64
		Release|x86 = Release|x86
	EndGlobalSection
	GlobalSection(ProjectConfigurationPlatforms) = postSolution
		{A463E213-1B80-44B1-837D-B3F4787E626E}.Debug|x64.ActiveCfg = Debug|x64
		{A463E213-1B80-44B1-837D-B3F4787E626E}.Debug|x64.Build.0 = Debug|x64
		{A463E213-1B80-44B1-837D-B3F4787E626E}.Debug|x86.ActiveCfg = Debug|Win32
		{A463E213-1B80-44B1-837D-B3F4787E626E}.Debug|x86.Build.0 = Debug|Win32
		{A463E213-1B80-44B1-837D-B3F4787E626E}.Dist|x64.ActiveCfg = Debug|x64
		{A463E213-1B80-44B1-837D-B3F4787E626E}.Dist|x64.Build.0 = Debug|x64
		{A463E213-1B80-44B1-837D-B3F4787E626E}.Dist|x86.ActiveCfg = Debug|Win32
		{A463E213-1B80-44B1-837D-B3F4787E626E}.Dist|x86.Build.0 = Debug|Win32
		{A463E213-1B80-44B1-837D-B3F4787E626E}.Release|x64.ActiveCfg = Release|x64
		{A463E213-1B80-44B1-837D-B3F4787E626E}.Release|x64.Build.0 = Release|x64
		{A463E213-1B80-44B1-837D-B3F4787E626E}.Release|x86.ActiveCfg = Release|Win32
		{A463E213-1B80-44B1-837D-B3F4787E626E}.Release|x86.Build.0 = Release|Win32
		{A72AD207-2C41-4066-BE3A-A438E66AAF4E}.Debug|x64.ActiveCfg = Debug|x64
		{A72AD207-2C41-4066-BE3A-A438E66AAF4E}.Debug|x64.Build.0 = Debug|x64
		{A72AD207-2C41-4066-BE3A-A438E66AAF4E}.Debug|x86.ActiveCfg = Debug|Win32
		{A72AD207-2C41-4066-BE3A-A438E66AAF4E}.Debug|x86.Build.0 = Debug|Win32
		{A72AD207-2C41-4066-BE3A-A438E66AAF4E}.Dist|x64.ActiveCfg = Debug|x64
		{A72AD207-2C41-4066-BE3A-A438E66AAF4E}.Dist|x64.Build.0 = Debug|x64
		{A72AD207-2C41-4066-BE3A-A438E66AAF4E}.Dist|x86.ActiveCfg = Debug|Win32
		{A72AD207-2C41-4066-BE3A-A438E66AAF4E}.Dist|x86.Build.0 = Debug|Win32
		{A72AD207-2C41-4066-BE3A-A438E66AAF4E}.Release|x64.ActiveCfg = Release|x64
		{A72AD207-2C41-4066-BE3A-A438E66AAF4E}.Release|x64.Build.0 = Release|x64
		{A72AD207-2C41-4066-BE3A-A438E66AAF4E}.Release|x86.ActiveCfg = Release|Win32
		{A72AD207-2C41-4066-BE3A-A438E66AAF4E}.Release|x86.Build.0 = Release|Win32
	EndGlobalSection
	GlobalSection(SolutionProperties) = preSolution
		HideSolutionNode = FALSE
	EndGlobalSection
	GlobalSection(ExtensibilityGlobals) = postSolution
		SolutionGuid = {653D99EB-44E6-4327-809F-4037B17E9241}
	EndGlobalSection
EndGlobal
