<?xml version="1.0" encoding="utf-8"?>
<Project ToolsVersion="4.0" xmlns="http://schemas.microsoft.com/developer/msbuild/2003">
  <ItemGroup>
    <ClCompile Include="test.cpp" />
    <ClCompile Include="pch.cpp" />
    <ClCompile Include="..\..\dep\stb_image\stb_image.cpp">
      <Filter>dep</Filter>
    </ClCompile>
    <ClCompile Include="..\..\src\render\Texture.cpp">
      <Filter>dep\render</Filter>
    </ClCompile>
    <ClCompile Include="..\..\src\render\RenderConfigs.cpp">
      <Filter>dep\render</Filter>
    </ClCompile>
    <ClCompile Include="..\..\src\render\ShaderBuildIn.cpp">
      <Filter>dep\render</Filter>
    </ClCompile>
    <ClCompile Include="..\..\src\render\ShaderLib.cpp">
      <Filter>dep\render</Filter>
    </ClCompile>
    <ClCompile Include="..\..\src\render\ShaderParser.cpp">
      <Filter>dep\render</Filter>
    </ClCompile>
    <ClCompile Include="..\..\src\render\Shaders.cpp">
      <Filter>dep\render</Filter>
    </ClCompile>
    <ClCompile Include="..\..\src\render\Material.cpp">
      <Filter>dep\render</Filter>
    </ClCompile>
  </ItemGroup>
  <ItemGroup>
    <ClInclude Include="pch.h" />
  </ItemGroup>
  <ItemGroup>
    <None Include="packages.config" />
    <None Include="..\..\.github\workflows\msbuild.yml">
      <Filter>workflow</Filter>
    </None>
  </ItemGroup>
  <ItemGroup>
    <Filter Include="dep">
      <UniqueIdentifier>{9b132020-1f56-4890-a35e-eda33ade667e}</UniqueIdentifier>
    </Filter>
    <Filter Include="dep\render">
      <UniqueIdentifier>{54a666bb-887d-4a78-bc51-76f8fa59faa5}</UniqueIdentifier>
    </Filter>
    <Filter Include="workflow">
      <UniqueIdentifier>{8d67ee38-270e-4708-a4e1-49274489a0b9}</UniqueIdentifier>
    </Filter>
  </ItemGroup>
</Project>