<?xml version="1.0" encoding="utf-8"?>
<Project ToolsVersion="4.0" xmlns="http://schemas.microsoft.com/developer/msbuild/2003">
  <ItemGroup>
    <Filter Include="dep">
      <UniqueIdentifier>{9c74b14a-211d-4b74-954e-512ded5e02ed}</UniqueIdentifier>
    </Filter>
    <Filter Include="test">
      <UniqueIdentifier>{0195df74-bd76-43eb-be62-6535e2e80736}</UniqueIdentifier>
    </Filter>
    <Filter Include="dep\gtest">
      <UniqueIdentifier>{b84ec122-dcd0-46ff-98b0-2d697e35f0fd}</UniqueIdentifier>
    </Filter>
    <Filter Include="src">
      <UniqueIdentifier>{05c69740-c9ba-4e07-b75c-05fb2e2187b3}</UniqueIdentifier>
    </Filter>
    <Filter Include="src\transform">
      <UniqueIdentifier>{9150834e-16d6-4cdc-a3b3-765cb3b9e2de}</UniqueIdentifier>
    </Filter>
    <Filter Include="src\render">
      <UniqueIdentifier>{d6b9d268-b35c-4ae8-aea5-6599682e93bd}</UniqueIdentifier>
    </Filter>
    <Filter Include="src\editor">
      <UniqueIdentifier>{8d624631-f57c-4414-a77b-64c26e6abac2}</UniqueIdentifier>
    </Filter>
  </ItemGroup>
  <ItemGroup>
    <ClCompile Include="pch.cpp">
      <Filter>test</Filter>
    </ClCompile>
    <ClCompile Include="..\gtest\googletest\src\gtest-all.cc">
      <Filter>dep\gtest</Filter>
    </ClCompile>
    <ClCompile Include="..\..\src\render\Material.cpp">
      <Filter>src\render</Filter>
    </ClCompile>
    <ClCompile Include="..\..\src\render\RenderConfigs.cpp">
      <Filter>src\render</Filter>
    </ClCompile>
    <ClCompile Include="..\..\src\render\ShaderBuildIn.cpp">
      <Filter>src\render</Filter>
    </ClCompile>
    <ClCompile Include="..\..\src\render\ShaderLib.cpp">
      <Filter>src\render</Filter>
    </ClCompile>
    <ClCompile Include="..\..\src\render\ShaderParser.cpp">
      <Filter>src\render</Filter>
    </ClCompile>
    <ClCompile Include="..\..\src\render\Shaders.cpp">
      <Filter>src\render</Filter>
    </ClCompile>
    <ClCompile Include="..\..\src\render\Texture.cpp">
      <Filter>src\render</Filter>
    </ClCompile>
    <ClCompile Include="..\gtest\googletest\src\gtest_main.cc">
      <Filter>dep\gtest</Filter>
    </ClCompile>
    <ClCompile Include="test_shader.cpp">
      <Filter>test</Filter>
    </ClCompile>
    <ClCompile Include="..\..\src\compo\Transform.cpp">
      <Filter>src\transform</Filter>
    </ClCompile>
    <ClCompile Include="test_transform.cpp">
      <Filter>test</Filter>
    </ClCompile>
    <ClCompile Include="test_core.cpp">
      <Filter>test</Filter>
    </ClCompile>
    <ClCompile Include="test_texture.cpp">
      <Filter>test</Filter>
    </ClCompile>
    <ClCompile Include="test_input.cpp">
      <Filter>test</Filter>
    </ClCompile>
    <ClCompile Include="..\..\src\editor\Input.cpp">
      <Filter>src\editor</Filter>
    </ClCompile>
    <ClCompile Include="..\..\src\render\shaders\ComputeShader.cpp">
      <Filter>src\render</Filter>
    </ClCompile>
    <ClCompile Include="..\..\src\render\shaders\RenderShader.cpp">
      <Filter>src\render</Filter>
    </ClCompile>
  </ItemGroup>
  <ItemGroup>
    <ClInclude Include="pch.h">
      <Filter>test</Filter>
    </ClInclude>
  </ItemGroup>
  <ItemGroup>
    <None Include="..\..\.github\workflows\msbuild.yml">
      <Filter>test</Filter>
    </None>
  </ItemGroup>
</Project>